{
  "name": "miniprogram-ts-less-quickstart",
  "version": "1.0.0",
  "lockfileVersion": 2,
  "requires": true,
  "packages": {
    "": {
      "name": "miniprogram-ts-less-quickstart",
      "version": "1.0.0",
      "dependencies": {
        "@vant/weapp": "^1.10.21",
        "tdesign-miniprogram": "^1.1.13"
      },
      "devDependencies": {
        "miniprogram-api-typings": "^2.12.0"
      }
    },
    "node_modules/@vant/weapp": {
      "version": "1.10.21",
      "resolved": "https://registry.npmmirror.com/@vant/weapp/-/weapp-1.10.21.tgz",
      "integrity": "sha512-U/yjHDUGEk/Pg+PJ4spEedKCIH0xPZd2gV15QiLUR3tmlXUNGVAIgU8Mv6NsvFd8Aq7mQuah9xa2A3jtpzbk+g=="
    },
    "node_modules/dayjs": {
      "version": "1.11.9",
      "resolved": "https://registry.npmmirror.com/dayjs/-/dayjs-1.11.9.tgz",
      "integrity": "sha512-QvzAURSbQ0pKdIye2txOzNaHmxtUBXerpY0FJsFXUMKbIZeFm5ht1LS/jFsrncjnmtv8HsG0W2g6c0zUjZWmpA=="
    },
    "node_modules/miniprogram-api-typings": {
      "version": "2.12.0",
      "resolved": "https://registry.npmmirror.com/miniprogram-api-typings/-/miniprogram-api-typings-2.12.0.tgz",
      "integrity": "sha512-ibvbqeslVFur0IAvTxLMvsbtvVcMo6gwvOnj0YZHV7aeDLu091VQRrETT2QuiG9P6aZWRcxeNGJChRKVPCp9VQ==",
      "dev": true
    },
    "node_modules/tdesign-miniprogram": {
      "version": "1.1.13",
      "resolved": "https://registry.npmmirror.com/tdesign-miniprogram/-/tdesign-miniprogram-1.1.13.tgz",
      "integrity": "sha512-qNwwPJIOxm9fZVS1MhQNbDuB5Qj/Ti1ju+wvJOQ++nDFipjoLnBLuwPe3vNMrNYbHVls6IdpwFcgH2ZoowYpnQ==",
      "dependencies": {
        "dayjs": "^1.10.7"
      }
    }
  },
  "dependencies": {
    "@vant/weapp": {
      "version": "1.10.21",
      "resolved": "https://registry.npmmirror.com/@vant/weapp/-/weapp-1.10.21.tgz",
      "integrity": "sha512-U/yjHDUGEk/Pg+PJ4spEedKCIH0xPZd2gV15QiLUR3tmlXUNGVAIgU8Mv6NsvFd8Aq7mQuah9xa2A3jtpzbk+g=="
    },
    "dayjs": {
      "version": "1.11.9",
      "resolved": "https://registry.npmmirror.com/dayjs/-/dayjs-1.11.9.tgz",
      "integrity": "sha512-QvzAURSbQ0pKdIye2txOzNaHmxtUBXerpY0FJsFXUMKbIZeFm5ht1LS/jFsrncjnmtv8HsG0W2g6c0zUjZWmpA=="
    },
    "miniprogram-api-typings": {
      "version": "2.12.0",
      "resolved": "https://registry.npmmirror.com/miniprogram-api-typings/-/miniprogram-api-typings-2.12.0.tgz",
      "integrity": "sha512-ibvbqeslVFur0IAvTxLMvsbtvVcMo6gwvOnj0YZHV7aeDLu091VQRrETT2QuiG9P6aZWRcxeNGJChRKVPCp9VQ==",
      "dev": true
    },
    "tdesign-miniprogram": {
      "version": "1.1.13",
      "resolved": "https://registry.npmmirror.com/tdesign-miniprogram/-/tdesign-miniprogram-1.1.13.tgz",
      "integrity": "sha512-qNwwPJIOxm9fZVS1MhQNbDuB5Qj/Ti1ju+wvJOQ++nDFipjoLnBLuwPe3vNMrNYbHVls6IdpwFcgH2ZoowYpnQ==",
      "requires": {
        "dayjs": "^1.10.7"
      }
    }
  }
}
